
Microsoft Visual Studio Solution File, Format Version 12.00
# Visual Studio Version 16
VisualStudioVersion = 16.0.32002.261
MinimumVisualStudioVersion = 10.0.40219.1
Project("{FAE04EC0-301F-11D3-BF4B-00C04F79EFBC}") = "2_7_Zad_7", "2_7_Zad_7\2_7_Zad_7.csproj", "{7C24DAF7-97E0-4BA2-8EC7-BD53BA6786BC}"
EndProject
Global
	GlobalSection(SolutionConfigurationPlatforms) = preSolution
		Debug|Any CPU = Debug|Any CPU
		Release|Any CPU = Release|Any CPU
	EndGlobalSection
	GlobalSection(ProjectConfigurationPlatforms) = postSolution
		{7C24DAF7-97E0-4BA2-8EC7-BD53BA6786BC}.Debug|Any CPU.ActiveCfg = Debug|Any CPU
		{7C24DAF7-97E0-4BA2-8EC7-BD53BA6786BC}.Debug|Any CPU.Build.0 = Debug|Any CPU
		{7C24DAF7-97E0-4BA2-8EC7-BD53BA6786BC}.Release|Any CPU.ActiveCfg = Release|Any CPU
		{7C24DAF7-97E0-4BA2-8EC7-BD53BA6786BC}.Release|Any CPU.Build.0 = Release|Any CPU
	EndGlobalSection
	GlobalSection(SolutionProperties) = preSolution
		HideSolutionNode = FALSE
	EndGlobalSection
	GlobalSection(ExtensibilityGlobals) = postSolution
		SolutionGuid = {E7AA198D-104F-497B-818C-3BC68F952A89}
	EndGlobalSection
EndGlobal
